<?xml version="1.0" encoding="utf-8"?>
<Project ToolsVersion="4.0" xmlns="http://schemas.microsoft.com/developer/msbuild/2003">
  <ItemGroup>
    <Filter Include="File di origine">
      <UniqueIdentifier>{4FC737F1-C7A5-4376-A066-2A32D752A2FF}</UniqueIdentifier>
      <Extensions>cpp;c;cc;cxx;c++;cppm;ixx;def;odl;idl;hpj;bat;asm;asmx</Extensions>
    </Filter>
    <Filter Include="File di intestazione">
      <UniqueIdentifier>{93995380-89BD-4b04-88EB-625FBE52EBFB}</UniqueIdentifier>
      <Extensions>h;hh;hpp;hxx;h++;hm;inl;inc;ipp;xsd</Extensions>
    </Filter>
    <Filter Include="File di risorse">
      <UniqueIdentifier>{67DA6AB6-F800-4c08-8B7A-83BB121AAD01}</UniqueIdentifier>
      <Extensions>rc;ico;cur;bmp;dlg;rc2;rct;bin;rgs;gif;jpg;jpeg;jpe;resx;tiff;tif;png;wav;mfcribbon-ms</Extensions>
    </Filter>
  </ItemGroup>
  <ItemGroup>
    <ClCompile Include="main.cpp">
      <Filter>File di origine</Filter>
    </ClCompile>
    <ClCompile Include="imgui\backends\imgui_impl_dx11.cpp">
      <Filter>File di origine</Filter>
    </ClCompile>
    <ClCompile Include="imgui\backends\imgui_impl_glfw.cpp">
      <Filter>File di origine</Filter>
    </ClCompile>
    <ClCompile Include="imgui\misc\cpp\imgui_stdlib.cpp">
      <Filter>File di origine</Filter>
    </ClCompile>
    <ClCompile Include="imgui\imgui.cpp">
      <Filter>File di origine</Filter>
    </ClCompile>
    <ClCompile Include="imgui\imgui_demo.cpp">
      <Filter>File di origine</Filter>
    </ClCompile>
    <ClCompile Include="imgui\imgui_draw.cpp">
      <Filter>File di origine</Filter>
    </ClCompile>
    <ClCompile Include="imgui\imgui_tables.cpp">
      <Filter>File di origine</Filter>
    </ClCompile>
    <ClCompile Include="imgui\imgui_widgets.cpp">
      <Filter>File di origine</Filter>
    </ClCompile>
  </ItemGroup>
  <ItemGroup>
    <None Include="GLFW\docs\html\build_8md.html" />
    <None Include="GLFW\docs\html\build_guide.html" />
    <None Include="GLFW\docs\html\compat_8md.html" />
    <None Include="GLFW\docs\html\compat_guide.html" />
    <None Include="GLFW\docs\html\compile_8md.html" />
    <None Include="GLFW\docs\html\compile_guide.html" />
    <None Include="GLFW\docs\html\context_8md.html" />
    <None Include="GLFW\docs\html\context_guide.html" />
    <None Include="GLFW\docs\html\deprecated.html" />
    <None Include="GLFW\docs\html\dir_7f92719a7fe62e5b064f87d7a3c220b1.html" />
    <None Include="GLFW\docs\html\dir_13577e2d8b9423099662de029791bd7d.html" />
    <None Include="GLFW\docs\html\dir_a788ef6c2b1e5b367804e0b6ccfd6f11.html" />
    <None Include="GLFW\docs\html\dir_b11153cd0f4fd04a7564cc166f482635.html" />
    <None Include="GLFW\docs\html\files.html" />
    <None Include="GLFW\docs\html\glfw3_8h.html" />
    <None Include="GLFW\docs\html\glfw3_8h_source.html" />
    <None Include="GLFW\docs\html\glfw3native_8h.html" />
    <None Include="GLFW\docs\html\glfw3native_8h_source.html" />
    <None Include="GLFW\docs\html\group__buttons.html" />
    <None Include="GLFW\docs\html\group__context.html" />
    <None Include="GLFW\docs\html\group__errors.html" />
    <None Include="GLFW\docs\html\group__gamepad__axes.html" />
    <None Include="GLFW\docs\html\group__gamepad__buttons.html" />
    <None Include="GLFW\docs\html\group__hat__state.html" />
    <None Include="GLFW\docs\html\group__init.html" />
    <None Include="GLFW\docs\html\group__input.html" />
    <None Include="GLFW\docs\html\group__joysticks.html" />
    <None Include="GLFW\docs\html\group__keys.html" />
    <None Include="GLFW\docs\html\group__mods.html" />
    <None Include="GLFW\docs\html\group__monitor.html" />
    <None Include="GLFW\docs\html\group__native.html" />
    <None Include="GLFW\docs\html\group__shapes.html" />
    <None Include="GLFW\docs\html\group__vulkan.html" />
    <None Include="GLFW\docs\html\group__window.html" />
    <None Include="GLFW\docs\html\index.html" />
    <None Include="GLFW\docs\html\input_8md.html" />
    <None Include="GLFW\docs\html\input_guide.html" />
    <None Include="GLFW\docs\html\internal_8md.html" />
    <None Include="GLFW\docs\html\internals_guide.html" />
    <None Include="GLFW\docs\html\intro_8md.html" />
    <None Include="GLFW\docs\html\intro_guide.html" />
    <None Include="GLFW\docs\html\main_8md.html" />
    <None Include="GLFW\docs\html\monitor_8md.html" />
    <None Include="GLFW\docs\html\monitor_guide.html" />
    <None Include="GLFW\docs\html\moving_8md.html" />
    <None Include="GLFW\docs\html\moving_guide.html" />
    <None Include="GLFW\docs\html\news.html" />
    <None Include="GLFW\docs\html\news_8md.html" />
    <None Include="GLFW\docs\html\pages.html" />
    <None Include="GLFW\docs\html\quick_8md.html" />
    <None Include="GLFW\docs\html\quick_guide.html" />
    <None Include="GLFW\docs\html\struct_g_l_f_wallocator.html" />
    <None Include="GLFW\docs\html\struct_g_l_f_wgamepadstate.html" />
    <None Include="GLFW\docs\html\struct_g_l_f_wgammaramp.html" />
    <None Include="GLFW\docs\html\struct_g_l_f_wimage.html" />
    <None Include="GLFW\docs\html\struct_g_l_f_wvidmode.html" />
    <None Include="GLFW\docs\html\topics.html" />
    <None Include="GLFW\docs\html\vulkan_8md.html" />
    <None Include="GLFW\docs\html\vulkan_guide.html" />
    <None Include="GLFW\docs\html\window_8md.html" />
    <None Include="GLFW\docs\html\window_guide.html" />
  </ItemGroup>
  <ItemGroup>
    <ClInclude Include="GLFW\include\GLFW\glfw3.h">
      <Filter>File di intestazione</Filter>
    </ClInclude>
    <ClInclude Include="GLFW\include\GLFW\glfw3native.h">
      <Filter>File di intestazione</Filter>
    </ClInclude>
    <ClInclude Include="imgui\backends\imgui_impl_dx11.h">
      <Filter>File di intestazione</Filter>
    </ClInclude>
    <ClInclude Include="imgui\backends\imgui_impl_glfw.h">
      <Filter>File di intestazione</Filter>
    </ClInclude>
    <ClInclude Include="imgui\misc\cpp\imgui_stdlib.h">
      <Filter>File di intestazione</Filter>
    </ClInclude>
    <ClInclude Include="imgui\misc\single_file\imgui_single_file.h">
      <Filter>File di intestazione</Filter>
    </ClInclude>
    <ClInclude Include="imgui\imconfig.h">
      <Filter>File di intestazione</Filter>
    </ClInclude>
    <ClInclude Include="imgui\imgui.h">
      <Filter>File di intestazione</Filter>
    </ClInclude>
    <ClInclude Include="imgui\imgui_internal.h">
      <Filter>File di intestazione</Filter>
    </ClInclude>
    <ClInclude Include="imgui\imstb_rectpack.h">
      <Filter>File di intestazione</Filter>
    </ClInclude>
    <ClInclude Include="imgui\imstb_textedit.h">
      <Filter>File di intestazione</Filter>
    </ClInclude>
    <ClInclude Include="imgui\imstb_truetype.h">
      <Filter>File di intestazione</Filter>
    </ClInclude>
  </ItemGroup>
  <ItemGroup>
    <Library Include="GLFW\lib-vc2022\glfw3.lib" />
  </ItemGroup>
</Project>